// !$*UTF8*$!
{
	archiveVersion = 1;
	classes = {
	};
	objectVersion = 46;
	objects = {

/* Begin PBXBuildFile section */
		2F5FEB4B1CBB952700289479 /* main.m in Sources */ = {isa = PBXBuildFile; fileRef = 2F5FEB4A1CBB952700289479 /* main.m */; };
		2F5FEB4E1CBB952700289479 /* AppDelegate.m in Sources */ = {isa = PBXBuildFile; fileRef = 2F5FEB4D1CBB952700289479 /* AppDelegate.m */; };
		2F5FEB541CBB952700289479 /* Main.storyboard in Resources */ = {isa = PBXBuildFile; fileRef = 2F5FEB521CBB952700289479 /* Main.storyboard */; };
		2F5FEB561CBB952700289479 /* Assets.xcassets in Resources */ = {isa = PBXBuildFile; fileRef = 2F5FEB551CBB952700289479 /* Assets.xcassets */; };
		2F5FEB591CBB952700289479 /* LaunchScreen.storyboard in Resources */ = {isa = PBXBuildFile; fileRef = 2F5FEB571CBB952700289479 /* LaunchScreen.storyboard */; };
		2F5FEB641CBB952800289479 /* MCTRefreshHeaderTests.m in Sources */ = {isa = PBXBuildFile; fileRef = 2F5FEB631CBB952800289479 /* MCTRefreshHeaderTests.m */; };
		2F5FEB6F1CBB952800289479 /* MCTRefreshHeaderUITests.m in Sources */ = {isa = PBXBuildFile; fileRef = 2F5FEB6E1CBB952800289479 /* MCTRefreshHeaderUITests.m */; };
		2F5FEB841CBBA09A00289479 /* DACircularProgressView.m in Sources */ = {isa = PBXBuildFile; fileRef = 2F5FEB7F1CBBA09A00289479 /* DACircularProgressView.m */; };
		2F5FEB851CBBA09A00289479 /* MCTBaseRefreshView.m in Sources */ = {isa = PBXBuildFile; fileRef = 2F5FEB811CBBA09A00289479 /* MCTBaseRefreshView.m */; };
		2F5FEB861CBBA09A00289479 /* MCTRefreshHeader.m in Sources */ = {isa = PBXBuildFile; fileRef = 2F5FEB831CBBA09A00289479 /* MCTRefreshHeader.m */; };
		2F5FEB8B1CBBA36F00289479 /* MCTTableViewController.m in Sources */ = {isa = PBXBuildFile; fileRef = 2F5FEB8A1CBBA36F00289479 /* MCTTableViewController.m */; };
/* End PBXBuildFile section */

/* Begin PBXContainerItemProxy section */
		2F5FEB601CBB952800289479 /* PBXContainerItemProxy */ = {
			isa = PBXContainerItemProxy;
			containerPortal = 2F5FEB3E1CBB952700289479 /* Project object */;
			proxyType = 1;
			remoteGlobalIDString = 2F5FEB451CBB952700289479;
			remoteInfo = MCTRefreshHeader;
		};
		2F5FEB6B1CBB952800289479 /* PBXContainerItemProxy */ = {
			isa = PBXContainerItemProxy;
			containerPortal = 2F5FEB3E1CBB952700289479 /* Project object */;
			proxyType = 1;
			remoteGlobalIDString = 2F5FEB451CBB952700289479;
			remoteInfo = MCTRefreshHeader;
		};
/* End PBXContainerItemProxy section */

/* Begin PBXFileReference section */
		2F5FEB461CBB952700289479 /* MCTRefreshHeader.app */ = {isa = PBXFileReference; explicitFileType = wrapper.application; includeInIndex = 0; path = MCTRefreshHeader.app; sourceTree = BUILT_PRODUCTS_DIR; };
		2F5FEB4A1CBB952700289479 /* main.m */ = {isa = PBXFileReference; lastKnownFileType = sourcecode.c.objc; path = main.m; sourceTree = "<group>"; };
		2F5FEB4C1CBB952700289479 /* AppDelegate.h */ = {isa = PBXFileReference; lastKnownFileType = sourcecode.c.h; path = AppDelegate.h; sourceTree = "<group>"; };
		2F5FEB4D1CBB952700289479 /* AppDelegate.m */ = {isa = PBXFileReference; lastKnownFileType = sourcecode.c.objc; path = AppDelegate.m; sourceTree = "<group>"; };
		2F5FEB531CBB952700289479 /* Base */ = {isa = PBXFileReference; lastKnownFileType = file.storyboard; name = Base; path = Base.lproj/Main.storyboard; sourceTree = "<group>"; };
		2F5FEB551CBB952700289479 /* Assets.xcassets */ = {isa = PBXFileReference; lastKnownFileType = folder.assetcatalog; path = Assets.xcassets; sourceTree = "<group>"; };
		2F5FEB581CBB952700289479 /* Base */ = {isa = PBXFileReference; lastKnownFileType = file.storyboard; name = Base; path = Base.lproj/LaunchScreen.storyboard; sourceTree = "<group>"; };
		2F5FEB5A1CBB952700289479 /* Info.plist */ = {isa = PBXFileReference; lastKnownFileType = text.plist.xml; path = Info.plist; sourceTree = "<group>"; };
		2F5FEB5F1CBB952800289479 /* MCTRefreshHeaderTests.xctest */ = {isa = PBXFileReference; explicitFileType = wrapper.cfbundle; includeInIndex = 0; path = MCTRefreshHeaderTests.xctest; sourceTree = BUILT_PRODUCTS_DIR; };
		2F5FEB631CBB952800289479 /* MCTRefreshHeaderTests.m */ = {isa = PBXFileReference; lastKnownFileType = sourcecode.c.objc; path = MCTRefreshHeaderTests.m; sourceTree = "<group>"; };
		2F5FEB651CBB952800289479 /* Info.plist */ = {isa = PBXFileReference; lastKnownFileType = text.plist.xml; path = Info.plist; sourceTree = "<group>"; };
		2F5FEB6A1CBB952800289479 /* MCTRefreshHeaderUITests.xctest */ = {isa = PBXFileReference; explicitFileType = wrapper.cfbundle; includeInIndex = 0; path = MCTRefreshHeaderUITests.xctest; sourceTree = BUILT_PRODUCTS_DIR; };
		2F5FEB6E1CBB952800289479 /* MCTRefreshHeaderUITests.m */ = {isa = PBXFileReference; lastKnownFileType = sourcecode.c.objc; path = MCTRefreshHeaderUITests.m; sourceTree = "<group>"; };
		2F5FEB701CBB952800289479 /* Info.plist */ = {isa = PBXFileReference; lastKnownFileType = text.plist.xml; path = Info.plist; sourceTree = "<group>"; };
		2F5FEB7E1CBBA09A00289479 /* DACircularProgressView.h */ = {isa = PBXFileReference; fileEncoding = 4; lastKnownFileType = sourcecode.c.h; path = DACircularProgressView.h; sourceTree = "<group>"; };
		2F5FEB7F1CBBA09A00289479 /* DACircularProgressView.m */ = {isa = PBXFileReference; fileEncoding = 4; lastKnownFileType = sourcecode.c.objc; path = DACircularProgressView.m; sourceTree = "<group>"; };
		2F5FEB801CBBA09A00289479 /* MCTBaseRefreshView.h */ = {isa = PBXFileReference; fileEncoding = 4; lastKnownFileType = sourcecode.c.h; path = MCTBaseRefreshView.h; sourceTree = "<group>"; };
		2F5FEB811CBBA09A00289479 /* MCTBaseRefreshView.m */ = {isa = PBXFileReference; fileEncoding = 4; lastKnownFileType = sourcecode.c.objc; path = MCTBaseRefreshView.m; sourceTree = "<group>"; };
		2F5FEB821CBBA09A00289479 /* MCTRefreshHeader.h */ = {isa = PBXFileReference; fileEncoding = 4; lastKnownFileType = sourcecode.c.h; path = MCTRefreshHeader.h; sourceTree = "<group>"; };
		2F5FEB831CBBA09A00289479 /* MCTRefreshHeader.m */ = {isa = PBXFileReference; fileEncoding = 4; lastKnownFileType = sourcecode.c.objc; path = MCTRefreshHeader.m; sourceTree = "<group>"; };
		2F5FEB871CBBA0CD00289479 /* MCTTableViewController.h */ = {isa = PBXFileReference; fileEncoding = 4; lastKnownFileType = sourcecode.c.h; path = MCTTableViewController.h; sourceTree = "<group>"; };
		2F5FEB8A1CBBA36F00289479 /* MCTTableViewController.m */ = {isa = PBXFileReference; fileEncoding = 4; lastKnownFileType = sourcecode.c.objc; path = MCTTableViewController.m; sourceTree = "<group>"; };
/* End PBXFileReference section */

/* Begin PBXFrameworksBuildPhase section */
		2F5FEB431CBB952700289479 /* Frameworks */ = {
			isa = PBXFrameworksBuildPhase;
			buildActionMask = 2147483647;
			files = (
			);
			runOnlyForDeploymentPostprocessing = 0;
		};
		2F5FEB5C1CBB952800289479 /* Frameworks */ = {
			isa = PBXFrameworksBuildPhase;
			buildActionMask = 2147483647;
			files = (
			);
			runOnlyForDeploymentPostprocessing = 0;
		};
		2F5FEB671CBB952800289479 /* Frameworks */ = {
			isa = PBXFrameworksBuildPhase;
			buildActionMask = 2147483647;
			files = (
			);
			runOnlyForDeploymentPostprocessing = 0;
		};
/* End PBXFrameworksBuildPhase section */

/* Begin PBXGroup section */
		2F5FEB3D1CBB952700289479 = {
			isa = PBXGroup;
			children = (
				2F5FEB481CBB952700289479 /* MCTRefreshHeader */,
				2F5FEB621CBB952800289479 /* MCTRefreshHeaderTests */,
				2F5FEB6D1CBB952800289479 /* MCTRefreshHeaderUITests */,
				2F5FEB471CBB952700289479 /* Products */,
			);
			sourceTree = "<group>";
		};
		2F5FEB471CBB952700289479 /* Products */ = {
			isa = PBXGroup;
			children = (
				2F5FEB461CBB952700289479 /* MCTRefreshHeader.app */,
				2F5FEB5F1CBB952800289479 /* MCTRefreshHeaderTests.xctest */,
				2F5FEB6A1CBB952800289479 /* MCTRefreshHeaderUITests.xctest */,
			);
			name = Products;
			sourceTree = "<group>";
		};
		2F5FEB481CBB952700289479 /* MCTRefreshHeader */ = {
			isa = PBXGroup;
			children = (
				2F5FEB4C1CBB952700289479 /* AppDelegate.h */,
				2F5FEB4D1CBB952700289479 /* AppDelegate.m */,
				2F5FEB7C1CBBA09A00289479 /* MCTRefreshHeader */,
				2F5FEB521CBB952700289479 /* Main.storyboard */,
				2F5FEB551CBB952700289479 /* Assets.xcassets */,
				2F5FEB571CBB952700289479 /* LaunchScreen.storyboard */,
				2F5FEB5A1CBB952700289479 /* Info.plist */,
				2F5FEB491CBB952700289479 /* Supporting Files */,
				2F5FEB871CBBA0CD00289479 /* MCTTableViewController.h */,
				2F5FEB8A1CBBA36F00289479 /* MCTTableViewController.m */,
			);
			path = MCTRefreshHeader;
			sourceTree = "<group>";
		};
		2F5FEB491CBB952700289479 /* Supporting Files */ = {
			isa = PBXGroup;
			children = (
				2F5FEB4A1CBB952700289479 /* main.m */,
			);
			name = "Supporting Files";
			sourceTree = "<group>";
		};
		2F5FEB621CBB952800289479 /* MCTRefreshHeaderTests */ = {
			isa = PBXGroup;
			children = (
				2F5FEB631CBB952800289479 /* MCTRefreshHeaderTests.m */,
				2F5FEB651CBB952800289479 /* Info.plist */,
			);
			path = MCTRefreshHeaderTests;
			sourceTree = "<group>";
		};
		2F5FEB6D1CBB952800289479 /* MCTRefreshHeaderUITests */ = {
			isa = PBXGroup;
			children = (
				2F5FEB6E1CBB952800289479 /* MCTRefreshHeaderUITests.m */,
				2F5FEB701CBB952800289479 /* Info.plist */,
			);
			path = MCTRefreshHeaderUITests;
			sourceTree = "<group>";
		};
		2F5FEB7C1CBBA09A00289479 /* MCTRefreshHeader */ = {
			isa = PBXGroup;
			children = (
				2F5FEB7D1CBBA09A00289479 /* DACircularProgress */,
				2F5FEB801CBBA09A00289479 /* MCTBaseRefreshView.h */,
				2F5FEB811CBBA09A00289479 /* MCTBaseRefreshView.m */,
				2F5FEB821CBBA09A00289479 /* MCTRefreshHeader.h */,
				2F5FEB831CBBA09A00289479 /* MCTRefreshHeader.m */,
			);
			path = MCTRefreshHeader;
			sourceTree = "<group>";
		};
		2F5FEB7D1CBBA09A00289479 /* DACircularProgress */ = {
			isa = PBXGroup;
			children = (
				2F5FEB7E1CBBA09A00289479 /* DACircularProgressView.h */,
				2F5FEB7F1CBBA09A00289479 /* DACircularProgressView.m */,
			);
			path = DACircularProgress;
			sourceTree = "<group>";
		};
/* End PBXGroup section */

/* Begin PBXNativeTarget section */
		2F5FEB451CBB952700289479 /* MCTRefreshHeader */ = {
			isa = PBXNativeTarget;
			buildConfigurationList = 2F5FEB731CBB952800289479 /* Build configuration list for PBXNativeTarget "MCTRefreshHeader" */;
			buildPhases = (
				2F5FEB421CBB952700289479 /* Sources */,
				2F5FEB431CBB952700289479 /* Frameworks */,
				2F5FEB441CBB952700289479 /* Resources */,
			);
			buildRules = (
			);
			dependencies = (
			);
			name = MCTRefreshHeader;
			productName = MCTRefreshHeader;
			productReference = 2F5FEB461CBB952700289479 /* MCTRefreshHeader.app */;
			productType = "com.apple.product-type.application";
		};
		2F5FEB5E1CBB952800289479 /* MCTRefreshHeaderTests */ = {
			isa = PBXNativeTarget;
			buildConfigurationList = 2F5FEB761CBB952800289479 /* Build configuration list for PBXNativeTarget "MCTRefreshHeaderTests" */;
			buildPhases = (
				2F5FEB5B1CBB952800289479 /* Sources */,
				2F5FEB5C1CBB952800289479 /* Frameworks */,
				2F5FEB5D1CBB952800289479 /* Resources */,
			);
			buildRules = (
			);
			dependencies = (
				2F5FEB611CBB952800289479 /* PBXTargetDependency */,
			);
			name = MCTRefreshHeaderTests;
			productName = MCTRefreshHeaderTests;
			productReference = 2F5FEB5F1CBB952800289479 /* MCTRefreshHeaderTests.xctest */;
			productType = "com.apple.product-type.bundle.unit-test";
		};
		2F5FEB691CBB952800289479 /* MCTRefreshHeaderUITests */ = {
			isa = PBXNativeTarget;
			buildConfigurationList = 2F5FEB791CBB952800289479 /* Build configuration list for PBXNativeTarget "MCTRefreshHeaderUITests" */;
			buildPhases = (
				2F5FEB661CBB952800289479 /* Sources */,
				2F5FEB671CBB952800289479 /* Frameworks */,
				2F5FEB681CBB952800289479 /* Resources */,
			);
			buildRules = (
			);
			dependencies = (
				2F5FEB6C1CBB952800289479 /* PBXTargetDependency */,
			);
			name = MCTRefreshHeaderUITests;
			productName = MCTRefreshHeaderUITests;
			productReference = 2F5FEB6A1CBB952800289479 /* MCTRefreshHeaderUITests.xctest */;
			productType = "com.apple.product-type.bundle.ui-testing";
		};
/* End PBXNativeTarget section */

/* Begin PBXProject section */
		2F5FEB3E1CBB952700289479 /* Project object */ = {
			isa = PBXProject;
			attributes = {
				LastUpgradeCheck = 0720;
				ORGANIZATIONNAME = pingread;
				TargetAttributes = {
					2F5FEB451CBB952700289479 = {
						CreatedOnToolsVersion = 7.2;
					};
					2F5FEB5E1CBB952800289479 = {
						CreatedOnToolsVersion = 7.2;
						TestTargetID = 2F5FEB451CBB952700289479;
					};
					2F5FEB691CBB952800289479 = {
						CreatedOnToolsVersion = 7.2;
						TestTargetID = 2F5FEB451CBB952700289479;
					};
				};
			};
			buildConfigurationList = 2F5FEB411CBB952700289479 /* Build configuration list for PBXProject "MCTRefreshHeader" */;
			compatibilityVersion = "Xcode 3.2";
			developmentRegion = English;
			hasScannedForEncodings = 0;
			knownRegions = (
				en,
				Base,
			);
			mainGroup = 2F5FEB3D1CBB952700289479;
			productRefGroup = 2F5FEB471CBB952700289479 /* Products */;
			projectDirPath = "";
			projectRoot = "";
			targets = (
				2F5FEB451CBB952700289479 /* MCTRefreshHeader */,
				2F5FEB5E1CBB952800289479 /* MCTRefreshHeaderTests */,
				2F5FEB691CBB952800289479 /* MCTRefreshHeaderUITests */,
			);
		};
/* End PBXProject section */

/* Begin PBXResourcesBuildPhase section */
		2F5FEB441CBB952700289479 /* Resources */ = {
			isa = PBXResourcesBuildPhase;
			buildActionMask = 2147483647;
			files = (
				2F5FEB591CBB952700289479 /* LaunchScreen.storyboard in Resources */,
				2F5FEB561CBB952700289479 /* Assets.xcassets in Resources */,
				2F5FEB541CBB952700289479 /* Main.storyboard in Resources */,
			);
			runOnlyForDeploymentPostprocessing = 0;
		};
		2F5FEB5D1CBB952800289479 /* Resources */ = {
			isa = PBXResourcesBuildPhase;
			buildActionMask = 2147483647;
			files = (
			);
			runOnlyForDeploymentPostprocessing = 0;
		};
		2F5FEB681CBB952800289479 /* Resources */ = {
			isa = PBXResourcesBuildPhase;
			buildActionMask = 2147483647;
			files = (
			);
			runOnlyForDeploymentPostprocessing = 0;
		};
/* End PBXResourcesBuildPhase section */

/* Begin PBXSourcesBuildPhase section */
		2F5FEB421CBB952700289479 /* Sources */ = {
			isa = PBXSourcesBuildPhase;
			buildActionMask = 2147483647;
			files = (
				2F5FEB8B1CBBA36F00289479 /* MCTTableViewController.m in Sources */,
				2F5FEB861CBBA09A00289479 /* MCTRefreshHeader.m in Sources */,
				2F5FEB841CBBA09A00289479 /* DACircularProgressView.m in Sources */,
				2F5FEB851CBBA09A00289479 /* MCTBaseRefreshView.m in Sources */,
				2F5FEB4E1CBB952700289479 /* AppDelegate.m in Sources */,
				2F5FEB4B1CBB952700289479 /* main.m in Sources */,
			);
			runOnlyForDeploymentPostprocessing = 0;
		};
		2F5FEB5B1CBB952800289479 /* Sources */ = {
			isa = PBXSourcesBuildPhase;
			buildActionMask = 2147483647;
			files = (
				2F5FEB641CBB952800289479 /* MCTRefreshHeaderTests.m in Sources */,
			);
			runOnlyForDeploymentPostprocessing = 0;
		};
		2F5FEB661CBB952800289479 /* Sources */ = {
			isa = PBXSourcesBuildPhase;
			buildActionMask = 2147483647;
			files = (
				2F5FEB6F1CBB952800289479 /* MCTRefreshHeaderUITests.m in Sources */,
			);
			runOnlyForDeploymentPostprocessing = 0;
		};
/* End PBXSourcesBuildPhase section */

/* Begin PBXTargetDependency section */
		2F5FEB611CBB952800289479 /* PBXTargetDependency */ = {
			isa = PBXTargetDependency;
			target = 2F5FEB451CBB952700289479 /* MCTRefreshHeader */;
			targetProxy = 2F5FEB601CBB952800289479 /* PBXContainerItemProxy */;
		};
		2F5FEB6C1CBB952800289479 /* PBXTargetDependency */ = {
			isa = PBXTargetDependency;
			target = 2F5FEB451CBB952700289479 /* MCTRefreshHeader */;
			targetProxy = 2F5FEB6B1CBB952800289479 /* PBXContainerItemProxy */;
		};
/* End PBXTargetDependency section */

/* Begin PBXVariantGroup section */
		2F5FEB521CBB952700289479 /* Main.storyboard */ = {
			isa = PBXVariantGroup;
			children = (
				2F5FEB531CBB952700289479 /* Base */,
			);
			name = Main.storyboard;
			sourceTree = "<group>";
		};
		2F5FEB571CBB952700289479 /* LaunchScreen.storyboard */ = {
			isa = PBXVariantGroup;
			children = (
				2F5FEB581CBB952700289479 /* Base */,
			);
			name = LaunchScreen.storyboard;
			sourceTree = "<group>";
		};
/* End PBXVariantGroup section */

/* Begin XCBuildConfiguration section */
		2F5FEB711CBB952800289479 /* Debug */ = {
			isa = XCBuildConfiguration;
			buildSettings = {
				ALWAYS_SEARCH_USER_PATHS = NO;
				CLANG_CXX_LANGUAGE_STANDARD = "gnu++0x";
				CLANG_CXX_LIBRARY = "libc++";
				CLANG_ENABLE_MODULES = YES;
				CLANG_ENABLE_OBJC_ARC = YES;
				CLANG_WARN_BOOL_CONVERSION = YES;
				CLANG_WARN_CONSTANT_CONVERSION = YES;
				CLANG_WARN_DIRECT_OBJC_ISA_USAGE = YES_ERROR;
				CLANG_WARN_EMPTY_BODY = YES;
				CLANG_WARN_ENUM_CONVERSION = YES;
				CLANG_WARN_INT_CONVERSION = YES;
				CLANG_WARN_OBJC_ROOT_CLASS = YES_ERROR;
				CLANG_WARN_UNREACHABLE_CODE = YES;
				CLANG_WARN__DUPLICATE_METHOD_MATCH = YES;
				"CODE_SIGN_IDENTITY[sdk=iphoneos*]" = "iPhone Developer";
				COPY_PHASE_STRIP = NO;
				DEBUG_INFORMATION_FORMAT = dwarf;
				ENABLE_STRICT_OBJC_MSGSEND = YES;
				ENABLE_TESTABILITY = YES;
				GCC_C_LANGUAGE_STANDARD = gnu99;
				GCC_DYNAMIC_NO_PIC = NO;
				GCC_NO_COMMON_BLOCKS = YES;
				GCC_OPTIMIZATION_LEVEL = 0;
				GCC_PREPROCESSOR_DEFINITIONS = (
					"DEBUG=1",
					"$(inherited)",
				);
				GCC_WARN_64_TO_32_BIT_CONVERSION = YES;
				GCC_WARN_ABOUT_RETURN_TYPE = YES_ERROR;
				GCC_WARN_UNDECLARED_SELECTOR = YES;
				GCC_WARN_UNINITIALIZED_AUTOS = YES_AGGRESSIVE;
				GCC_WARN_UNUSED_FUNCTION = YES;
				GCC_WARN_UNUSED_VARIABLE = YES;
				IPHONEOS_DEPLOYMENT_TARGET = 9.2;
				MTL_ENABLE_DEBUG_INFO = YES;
				ONLY_ACTIVE_ARCH = YES;
				SDKROOT = iphoneos;
			};
			name = Debug;
		};
		2F5FEB721CBB952800289479 /* Release */ = {
			isa = XCBuildConfiguration;
			buildSettings = {
				ALWAYS_SEARCH_USER_PATHS = NO;
				CLANG_CXX_LANGUAGE_STANDARD = "gnu++0x";
				CLANG_CXX_LIBRARY = "libc++";
				CLANG_ENABLE_MODULES = YES;
				CLANG_ENABLE_OBJC_ARC = YES;
				CLANG_WARN_BOOL_CONVERSION = YES;
				CLANG_WARN_CONSTANT_CONVERSION = YES;
				CLANG_WARN_DIRECT_OBJC_ISA_USAGE = YES_ERROR;
				CLANG_WARN_EMPTY_BODY = YES;
				CLANG_WARN_ENUM_CONVERSION = YES;
				CLANG_WARN_INT_CONVERSION = YES;
				CLANG_WARN_OBJC_ROOT_CLASS = YES_ERROR;
				CLANG_WARN_UNREACHABLE_CODE = YES;
				CLANG_WARN__DUPLICATE_METHOD_MATCH = YES;
				"CODE_SIGN_IDENTITY[sdk=iphoneos*]" = "iPhone Developer";
				COPY_PHASE_STRIP = NO;
				DEBUG_INFORMATION_FORMAT = "dwarf-with-dsym";
				ENABLE_NS_ASSERTIONS = NO;
				ENABLE_STRICT_OBJC_MSGSEND = YES;
				GCC_C_LANGUAGE_STANDARD = gnu99;
				GCC_NO_COMMON_BLOCKS = YES;
				GCC_WARN_64_TO_32_BIT_CONVERSION = YES;
				GCC_WARN_ABOUT_RETURN_TYPE = YES_ERROR;
				GCC_WARN_UNDECLARED_SELECTOR = YES;
				GCC_WARN_UNINITIALIZED_AUTOS = YES_AGGRESSIVE;
				GCC_WARN_UNUSED_FUNCTION = YES;
				GCC_WARN_UNUSED_VARIABLE = YES;
				IPHONEOS_DEPLOYMENT_TARGET = 9.2;
				MTL_ENABLE_DEBUG_INFO = NO;
				SDKROOT = iphoneos;
				VALIDATE_PRODUCT = YES;
			};
			name = Release;
		};
		2F5FEB741CBB952800289479 /* Debug */ = {
			isa = XCBuildConfiguration;
			buildSettings = {
				ASSETCATALOG_COMPILER_APPICON_NAME = AppIcon;
				INFOPLIST_FILE = MCTRefreshHeader/Info.plist;
				IPHONEOS_DEPLOYMENT_TARGET = 7.0;
				LD_RUNPATH_SEARCH_PATHS = "$(inherited) @executable_path/Frameworks";
				PRODUCT_BUNDLE_IDENTIFIER = com.pingread.MCTRefreshHeader;
				PRODUCT_NAME = "$(TARGET_NAME)";
			};
			name = Debug;
		};
		2F5FEB751CBB952800289479 /* Release */ = {
			isa = XCBuildConfiguration;
			buildSettings = {
				ASSETCATALOG_COMPILER_APPICON_NAME = AppIcon;
				INFOPLIST_FILE = MCTRefreshHeader/Info.plist;
				IPHONEOS_DEPLOYMENT_TARGET = 7.0;
				LD_RUNPATH_SEARCH_PATHS = "$(inherited) @executable_path/Frameworks";
				PRODUCT_BUNDLE_IDENTIFIER = com.pingread.MCTRefreshHeader;
				PRODUCT_NAME = "$(TARGET_NAME)";
			};
			name = Release;
		};
		2F5FEB771CBB952800289479 /* Debug */ = {
			isa = XCBuildConfiguration;
			buildSettings = {
				BUNDLE_LOADER = "$(TEST_HOST)";
				INFOPLIST_FILE = MCTRefreshHeaderTests/Info.plist;
				LD_RUNPATH_SEARCH_PATHS = "$(inherited) @executable_path/Frameworks @loader_path/Frameworks";
				PRODUCT_BUNDLE_IDENTIFIER = com.pingread.MCTRefreshHeaderTests;
				PRODUCT_NAME = "$(TARGET_NAME)";
				TEST_HOST = "$(BUILT_PRODUCTS_DIR)/MCTRefreshHeader.app/MCTRefreshHeader";
			};
			name = Debug;
		};
		2F5FEB781CBB952800289479 /* Release */ = {
			isa = XCBuildConfiguration;
			buildSettings = {
				BUNDLE_LOADER = "$(TEST_HOST)";
				INFOPLIST_FILE = MCTRefreshHeaderTests/Info.plist;
				LD_RUNPATH_SEARCH_PATHS = "$(inherited) @executable_path/Frameworks @loader_path/Frameworks";
				PRODUCT_BUNDLE_IDENTIFIER = com.pingread.MCTRefreshHeaderTests;
				PRODUCT_NAME = "$(TARGET_NAME)";
				TEST_HOST = "$(BUILT_PRODUCTS_DIR)/MCTRefreshHeader.app/MCTRefreshHeader";
			};
			name = Release;
		};
		2F5FEB7A1CBB952800289479 /* Debug */ = {
			isa = XCBuildConfiguration;
			buildSettings = {
				INFOPLIST_FILE = MCTRefreshHeaderUITests/Info.plist;
				LD_RUNPATH_SEARCH_PATHS = "$(inherited) @executable_path/Frameworks @loader_path/Frameworks";
				PRODUCT_BUNDLE_IDENTIFIER = com.pingread.MCTRefreshHeaderUITests;
				PRODUCT_NAME = "$(TARGET_NAME)";
				TEST_TARGET_NAME = MCTRefreshHeader;
				USES_XCTRUNNER = YES;
			};
			name = Debug;
		};
		2F5FEB7B1CBB952800289479 /* Release */ = {
			isa = XCBuildConfiguration;
			buildSettings = {
				INFOPLIST_FILE = MCTRefreshHeaderUITests/Info.plist;
				LD_RUNPATH_SEARCH_PATHS = "$(inherited) @executable_path/Frameworks @loader_path/Frameworks";
				PRODUCT_BUNDLE_IDENTIFIER = com.pingread.MCTRefreshHeaderUITests;
				PRODUCT_NAME = "$(TARGET_NAME)";
				TEST_TARGET_NAME = MCTRefreshHeader;
				USES_XCTRUNNER = YES;
			};
			name = Release;
		};
/* End XCBuildConfiguration section */

/* Begin XCConfigurationList section */
		2F5FEB411CBB952700289479 /* Build configuration list for PBXProject "MCTRefreshHeader" */ = {
			isa = XCConfigurationList;
			buildConfigurations = (
				2F5FEB711CBB952800289479 /* Debug */,
				2F5FEB721CBB952800289479 /* Release */,
			);
			defaultConfigurationIsVisible = 0;
			defaultConfigurationName = Release;
		};
		2F5FEB731CBB952800289479 /* Build configuration list for PBXNativeTarget "MCTRefreshHeader" */ = {
			isa = XCConfigurationList;
			buildConfigurations = (
				2F5FEB741CBB952800289479 /* Debug */,
				2F5FEB751CBB952800289479 /* Release */,
			);
			defaultConfigurationIsVisible = 0;
			defaultConfigurationName = Release;
		};
		2F5FEB761CBB952800289479 /* Build configuration list for PBXNativeTarget "MCTRefreshHeaderTests" */ = {
			isa = XCConfigurationList;
			buildConfigurations = (
				2F5FEB771CBB952800289479 /* Debug */,
				2F5FEB781CBB952800289479 /* Release */,
			);
			defaultConfigurationIsVisible = 0;
			defaultConfigurationName = Release;
		};
		2F5FEB791CBB952800289479 /* Build configuration list for PBXNativeTarget "MCTRefreshHeaderUITests" */ = {
			isa = XCConfigurationList;
			buildConfigurations = (
				2F5FEB7A1CBB952800289479 /* Debug */,
				2F5FEB7B1CBB952800289479 /* Release */,
			);
			defaultConfigurationIsVisible = 0;
			defaultConfigurationName = Release;
		};
/* End XCConfigurationList section */
	};
	rootObject = 2F5FEB3E1CBB952700289479 /* Project object */;
}
